[[package]]
name = "motor"
version = "3.0.0"
description = "Non-blocking MongoDB driver for Tornado or asyncio"
category = "main"
optional = false
python-versions = ">=3.7"

[package.dependencies]
pymongo = ">=4.1,<5"

[package.extras]
zstd = ["pymongo[zstd] (>=4.1,<5)"]
srv = ["pymongo[srv] (>=4.1,<5)"]
snappy = ["pymongo[snappy] (>=4.1,<5)"]
ocsp = ["pymongo[ocsp] (>=4.1,<5)"]
gssapi = ["pymongo[gssapi] (>=4.1,<5)"]
encryption = ["pymongo[encryption] (>=4.1,<5)"]
aws = ["pymongo[aws] (>=4.1,<5)"]

[[package]]
name = "pymongo"
version = "4.2.0"
description = "Python driver for MongoDB <http://www.mongodb.org>"
category = "main"
optional = false
python-versions = ">=3.7"

[package.extras]
aws = ["pymongo-auth-aws (<2.0.0)"]
encryption = ["pymongocrypt (>=1.3.0,<2.0.0)"]
gssapi = ["pykerberos"]
ocsp = ["pyopenssl (>=17.2.0)", "requests (<3.0.0)", "service-identity (>=18.1.0)", "certifi"]
snappy = ["python-snappy"]
srv = ["dnspython (>=1.16.0,<3.0.0)"]
zstd = ["zstandard"]

[metadata]
lock-version = "1.1"
python-versions = "^3.9"
content-hash = "c678cf39564235984bd9bb9157baf6851b6eafdde8c51c9df68445e2f7317bb6"

[metadata.files]
motor = []
pymongo = []
